
Microsoft Visual Studio Solution File, Format Version 12.00
# Visual Studio Version 17
VisualStudioVersion = 17.12.35728.132
MinimumVisualStudioVersion = 10.0.40219.1
Project("{2150E333-8FDC-42A3-9474-1A3956D46DE8}") = "Solution Items", "Solution Items", "{74887408-F524-46D2-855E-E76C6CF1F8AE}"
	ProjectSection(SolutionItems) = preProject
		.editorconfig = .editorconfig
		.gitattributes = .gitattributes
		.gitignore = .gitignore
		README.md = README.md
	EndProjectSection
EndProject
Project("{FAE04EC0-301F-11D3-BF4B-00C04F79EFBC}") = "Krakenar.Contracts", "src\Krakenar.Contracts\Krakenar.Contracts.csproj", "{FF95E391-D89A-40DA-86B9-3751D40F7AC8}"
EndProject
Project("{FAE04EC0-301F-11D3-BF4B-00C04F79EFBC}") = "Krakenar.Core", "src\Krakenar.Core\Krakenar.Core.csproj", "{0D29D837-B648-4297-8CD9-224DAD90632B}"
EndProject
Project("{FAE04EC0-301F-11D3-BF4B-00C04F79EFBC}") = "Krakenar.Infrastructure", "src\Krakenar.Infrastructure\Krakenar.Infrastructure.csproj", "{1BCFED90-B9FB-4760-A7A1-BD50C1082221}"
EndProject
Project("{FAE04EC0-301F-11D3-BF4B-00C04F79EFBC}") = "Krakenar.EntityFrameworkCore.Relational", "src\Krakenar.EntityFrameworkCore.Relational\Krakenar.EntityFrameworkCore.Relational.csproj", "{C820A27E-3084-4AD7-9619-FAEDC0E480FA}"
EndProject
Project("{FAE04EC0-301F-11D3-BF4B-00C04F79EFBC}") = "Krakenar.Client", "src\Krakenar.Client\Krakenar.Client.csproj", "{AF156173-6B6E-42A1-8C74-D90FCC3258B1}"
EndProject
Project("{2150E333-8FDC-42A3-9474-1A3956D46DE8}") = "Tests", "Tests", "{6EDD1CE3-C046-4FEE-BDCE-5B3CFB9968CE}"
	ProjectSection(SolutionItems) = preProject
		tests\TODO.md = tests\TODO.md
	EndProjectSection
EndProject
Project("{FAE04EC0-301F-11D3-BF4B-00C04F79EFBC}") = "Krakenar.Tests", "tests\Krakenar.Tests\Krakenar.Tests.csproj", "{90ACFE09-4406-4B21-A1EC-02DA42F7BFDE}"
EndProject
Project("{FAE04EC0-301F-11D3-BF4B-00C04F79EFBC}") = "Krakenar.UnitTests", "tests\Krakenar.UnitTests\Krakenar.UnitTests.csproj", "{B799E60E-E4DB-4EA5-877A-809330324893}"
EndProject
Project("{FAE04EC0-301F-11D3-BF4B-00C04F79EFBC}") = "Krakenar.Web", "src\Krakenar.Web\Krakenar.Web.csproj", "{ECBA846E-34D5-4DFF-A0E4-7C5C6E25B57F}"
EndProject
Project("{FAE04EC0-301F-11D3-BF4B-00C04F79EFBC}") = "Krakenar", "src\Krakenar\Krakenar.csproj", "{61D0969E-2CE8-477D-B3E1-9580146BABA2}"
EndProject
Project("{FAE04EC0-301F-11D3-BF4B-00C04F79EFBC}") = "Krakenar.IntegrationTests", "tests\Krakenar.IntegrationTests\Krakenar.IntegrationTests.csproj", "{10F6D0D5-1607-484B-B656-BAD527491325}"
EndProject
Project("{FAE04EC0-301F-11D3-BF4B-00C04F79EFBC}") = "Krakenar.EntityFrameworkCore.SqlServer", "src\Krakenar.EntityFrameworkCore.SqlServer\Krakenar.EntityFrameworkCore.SqlServer.csproj", "{2A6D5283-A8BA-4E83-B17A-BD59AD6F4692}"
EndProject
Project("{FAE04EC0-301F-11D3-BF4B-00C04F79EFBC}") = "Krakenar.E2ETests", "tests\Krakenar.E2ETests\Krakenar.E2ETests.csproj", "{862601DD-10E8-4777-A8B8-D53B21687442}"
EndProject
Global
	GlobalSection(SolutionConfigurationPlatforms) = preSolution
		Debug|Any CPU = Debug|Any CPU
		Release|Any CPU = Release|Any CPU
	EndGlobalSection
	GlobalSection(ProjectConfigurationPlatforms) = postSolution
		{FF95E391-D89A-40DA-86B9-3751D40F7AC8}.Debug|Any CPU.ActiveCfg = Debug|Any CPU
		{FF95E391-D89A-40DA-86B9-3751D40F7AC8}.Debug|Any CPU.Build.0 = Debug|Any CPU
		{FF95E391-D89A-40DA-86B9-3751D40F7AC8}.Release|Any CPU.ActiveCfg = Release|Any CPU
		{FF95E391-D89A-40DA-86B9-3751D40F7AC8}.Release|Any CPU.Build.0 = Release|Any CPU
		{0D29D837-B648-4297-8CD9-224DAD90632B}.Debug|Any CPU.ActiveCfg = Debug|Any CPU
		{0D29D837-B648-4297-8CD9-224DAD90632B}.Debug|Any CPU.Build.0 = Debug|Any CPU
		{0D29D837-B648-4297-8CD9-224DAD90632B}.Release|Any CPU.ActiveCfg = Release|Any CPU
		{0D29D837-B648-4297-8CD9-224DAD90632B}.Release|Any CPU.Build.0 = Release|Any CPU
		{1BCFED90-B9FB-4760-A7A1-BD50C1082221}.Debug|Any CPU.ActiveCfg = Debug|Any CPU
		{1BCFED90-B9FB-4760-A7A1-BD50C1082221}.Debug|Any CPU.Build.0 = Debug|Any CPU
		{1BCFED90-B9FB-4760-A7A1-BD50C1082221}.Release|Any CPU.ActiveCfg = Release|Any CPU
		{1BCFED90-B9FB-4760-A7A1-BD50C1082221}.Release|Any CPU.Build.0 = Release|Any CPU
		{C820A27E-3084-4AD7-9619-FAEDC0E480FA}.Debug|Any CPU.ActiveCfg = Debug|Any CPU
		{C820A27E-3084-4AD7-9619-FAEDC0E480FA}.Debug|Any CPU.Build.0 = Debug|Any CPU
		{C820A27E-3084-4AD7-9619-FAEDC0E480FA}.Release|Any CPU.ActiveCfg = Release|Any CPU
		{C820A27E-3084-4AD7-9619-FAEDC0E480FA}.Release|Any CPU.Build.0 = Release|Any CPU
		{AF156173-6B6E-42A1-8C74-D90FCC3258B1}.Debug|Any CPU.ActiveCfg = Debug|Any CPU
		{AF156173-6B6E-42A1-8C74-D90FCC3258B1}.Debug|Any CPU.Build.0 = Debug|Any CPU
		{AF156173-6B6E-42A1-8C74-D90FCC3258B1}.Release|Any CPU.ActiveCfg = Release|Any CPU
		{AF156173-6B6E-42A1-8C74-D90FCC3258B1}.Release|Any CPU.Build.0 = Release|Any CPU
		{90ACFE09-4406-4B21-A1EC-02DA42F7BFDE}.Debug|Any CPU.ActiveCfg = Debug|Any CPU
		{90ACFE09-4406-4B21-A1EC-02DA42F7BFDE}.Debug|Any CPU.Build.0 = Debug|Any CPU
		{90ACFE09-4406-4B21-A1EC-02DA42F7BFDE}.Release|Any CPU.ActiveCfg = Release|Any CPU
		{90ACFE09-4406-4B21-A1EC-02DA42F7BFDE}.Release|Any CPU.Build.0 = Release|Any CPU
		{B799E60E-E4DB-4EA5-877A-809330324893}.Debug|Any CPU.ActiveCfg = Debug|Any CPU
		{B799E60E-E4DB-4EA5-877A-809330324893}.Debug|Any CPU.Build.0 = Debug|Any CPU
		{B799E60E-E4DB-4EA5-877A-809330324893}.Release|Any CPU.ActiveCfg = Release|Any CPU
		{B799E60E-E4DB-4EA5-877A-809330324893}.Release|Any CPU.Build.0 = Release|Any CPU
		{ECBA846E-34D5-4DFF-A0E4-7C5C6E25B57F}.Debug|Any CPU.ActiveCfg = Debug|Any CPU
		{ECBA846E-34D5-4DFF-A0E4-7C5C6E25B57F}.Debug|Any CPU.Build.0 = Debug|Any CPU
		{ECBA846E-34D5-4DFF-A0E4-7C5C6E25B57F}.Release|Any CPU.ActiveCfg = Release|Any CPU
		{ECBA846E-34D5-4DFF-A0E4-7C5C6E25B57F}.Release|Any CPU.Build.0 = Release|Any CPU
		{61D0969E-2CE8-477D-B3E1-9580146BABA2}.Debug|Any CPU.ActiveCfg = Debug|Any CPU
		{61D0969E-2CE8-477D-B3E1-9580146BABA2}.Debug|Any CPU.Build.0 = Debug|Any CPU
		{61D0969E-2CE8-477D-B3E1-9580146BABA2}.Release|Any CPU.ActiveCfg = Release|Any CPU
		{61D0969E-2CE8-477D-B3E1-9580146BABA2}.Release|Any CPU.Build.0 = Release|Any CPU
		{10F6D0D5-1607-484B-B656-BAD527491325}.Debug|Any CPU.ActiveCfg = Debug|Any CPU
		{10F6D0D5-1607-484B-B656-BAD527491325}.Debug|Any CPU.Build.0 = Debug|Any CPU
		{10F6D0D5-1607-484B-B656-BAD527491325}.Release|Any CPU.ActiveCfg = Release|Any CPU
		{10F6D0D5-1607-484B-B656-BAD527491325}.Release|Any CPU.Build.0 = Release|Any CPU
		{2A6D5283-A8BA-4E83-B17A-BD59AD6F4692}.Debug|Any CPU.ActiveCfg = Debug|Any CPU
		{2A6D5283-A8BA-4E83-B17A-BD59AD6F4692}.Debug|Any CPU.Build.0 = Debug|Any CPU
		{2A6D5283-A8BA-4E83-B17A-BD59AD6F4692}.Release|Any CPU.ActiveCfg = Release|Any CPU
		{2A6D5283-A8BA-4E83-B17A-BD59AD6F4692}.Release|Any CPU.Build.0 = Release|Any CPU
		{862601DD-10E8-4777-A8B8-D53B21687442}.Debug|Any CPU.ActiveCfg = Debug|Any CPU
		{862601DD-10E8-4777-A8B8-D53B21687442}.Debug|Any CPU.Build.0 = Debug|Any CPU
		{862601DD-10E8-4777-A8B8-D53B21687442}.Release|Any CPU.ActiveCfg = Release|Any CPU
		{862601DD-10E8-4777-A8B8-D53B21687442}.Release|Any CPU.Build.0 = Release|Any CPU
	EndGlobalSection
	GlobalSection(SolutionProperties) = preSolution
		HideSolutionNode = FALSE
	EndGlobalSection
	GlobalSection(NestedProjects) = preSolution
		{90ACFE09-4406-4B21-A1EC-02DA42F7BFDE} = {6EDD1CE3-C046-4FEE-BDCE-5B3CFB9968CE}
		{B799E60E-E4DB-4EA5-877A-809330324893} = {6EDD1CE3-C046-4FEE-BDCE-5B3CFB9968CE}
		{10F6D0D5-1607-484B-B656-BAD527491325} = {6EDD1CE3-C046-4FEE-BDCE-5B3CFB9968CE}
		{862601DD-10E8-4777-A8B8-D53B21687442} = {6EDD1CE3-C046-4FEE-BDCE-5B3CFB9968CE}
	EndGlobalSection
EndGlobal
